
Microsoft Visual Studio Solution File, Format Version 12.00
# Visual Studio 2013
VisualStudioVersion = 12.0.21005.1
MinimumVisualStudioVersion = 10.0.40219.1
Project("{FAE04EC0-301F-11D3-BF4B-00C04F79EFBC}") = "MOHFW_Application.Service", "MOHFW_APPLICATION.Service\MOHFW_Application.Service.csproj", "{864410AC-68AC-46F3-8D9A-2EBBA4E1E586}"
EndProject
Project("{FAE04EC0-301F-11D3-BF4B-00C04F79EFBC}") = "MOHFW_Application.Data", "MOHFW_APPLICATION.DATA\MOHFW_Application.Data.csproj", "{6D58E775-42FA-438E-BED7-A7334C04B8EF}"
EndProject
Project("{FAE04EC0-301F-11D3-BF4B-00C04F79EFBC}") = "MOHFW_WCF_SERVICE", "MOHFW_WCF_SERVICE\MOHFW_WCF_SERVICE.csproj", "{707B1D4F-E40B-40E9-85A2-5CC10C4B4A64}"
EndProject
Project("{2150E333-8FDC-42A3-9474-1A3956D46DE8}") = "DB", "DB", "{2523E871-59C6-42C9-86FA-CAC4879B000D}"
	ProjectSection(SolutionItems) = preProject
		TableGenerate.txt = TableGenerate.txt
	EndProjectSection
EndProject
Project("{FAE04EC0-301F-11D3-BF4B-00C04F79EFBC}") = "MOHFW_CLIENT_WEBAPP", "MOHFW_CLIENT_WEBAPP\MOHFW_CLIENT_WEBAPP.csproj", "{4BA37E2D-D152-46FC-9F39-11B058280EA1}"
EndProject
Project("{FAE04EC0-301F-11D3-BF4B-00C04F79EFBC}") = "MOHFW_API_SERVICE", "MOHFW_API_SERVICE\MOHFW_API_SERVICE.csproj", "{894D92CD-BC68-4BE0-A8A7-434656A80550}"
EndProject
Global
	GlobalSection(SolutionConfigurationPlatforms) = preSolution
		Debug|Any CPU = Debug|Any CPU
		Release|Any CPU = Release|Any CPU
	EndGlobalSection
	GlobalSection(ProjectConfigurationPlatforms) = postSolution
		{864410AC-68AC-46F3-8D9A-2EBBA4E1E586}.Debug|Any CPU.ActiveCfg = Debug|Any CPU
		{864410AC-68AC-46F3-8D9A-2EBBA4E1E586}.Debug|Any CPU.Build.0 = Debug|Any CPU
		{864410AC-68AC-46F3-8D9A-2EBBA4E1E586}.Release|Any CPU.ActiveCfg = Release|Any CPU
		{864410AC-68AC-46F3-8D9A-2EBBA4E1E586}.Release|Any CPU.Build.0 = Release|Any CPU
		{6D58E775-42FA-438E-BED7-A7334C04B8EF}.Debug|Any CPU.ActiveCfg = Debug|Any CPU
		{6D58E775-42FA-438E-BED7-A7334C04B8EF}.Debug|Any CPU.Build.0 = Debug|Any CPU
		{6D58E775-42FA-438E-BED7-A7334C04B8EF}.Release|Any CPU.ActiveCfg = Release|Any CPU
		{6D58E775-42FA-438E-BED7-A7334C04B8EF}.Release|Any CPU.Build.0 = Release|Any CPU
		{707B1D4F-E40B-40E9-85A2-5CC10C4B4A64}.Debug|Any CPU.ActiveCfg = Debug|Any CPU
		{707B1D4F-E40B-40E9-85A2-5CC10C4B4A64}.Debug|Any CPU.Build.0 = Debug|Any CPU
		{707B1D4F-E40B-40E9-85A2-5CC10C4B4A64}.Release|Any CPU.ActiveCfg = Release|Any CPU
		{707B1D4F-E40B-40E9-85A2-5CC10C4B4A64}.Release|Any CPU.Build.0 = Release|Any CPU
		{4BA37E2D-D152-46FC-9F39-11B058280EA1}.Debug|Any CPU.ActiveCfg = Debug|Any CPU
		{4BA37E2D-D152-46FC-9F39-11B058280EA1}.Debug|Any CPU.Build.0 = Debug|Any CPU
		{4BA37E2D-D152-46FC-9F39-11B058280EA1}.Release|Any CPU.ActiveCfg = Release|Any CPU
		{4BA37E2D-D152-46FC-9F39-11B058280EA1}.Release|Any CPU.Build.0 = Release|Any CPU
		{894D92CD-BC68-4BE0-A8A7-434656A80550}.Debug|Any CPU.ActiveCfg = Debug|Any CPU
		{894D92CD-BC68-4BE0-A8A7-434656A80550}.Debug|Any CPU.Build.0 = Debug|Any CPU
		{894D92CD-BC68-4BE0-A8A7-434656A80550}.Release|Any CPU.ActiveCfg = Release|Any CPU
		{894D92CD-BC68-4BE0-A8A7-434656A80550}.Release|Any CPU.Build.0 = Release|Any CPU
	EndGlobalSection
	GlobalSection(SolutionProperties) = preSolution
		HideSolutionNode = FALSE
	EndGlobalSection
EndGlobal
